
Microsoft Visual Studio Solution File, Format Version 12.00
# Visual Studio Version 17
VisualStudioVersion = 17.5.33414.496
MinimumVisualStudioVersion = 10.0.40219.1
Project("{FAE04EC0-301F-11D3-BF4B-00C04F79EFBC}") = "ConsoleReflect", "ConsoleReflect\ConsoleReflect.csproj", "{7604A9F0-F4CD-436B-9E2E-2E605D513D78}"
EndProject
Project("{FAE04EC0-301F-11D3-BF4B-00C04F79EFBC}") = "Example", "Example\Example.csproj", "{DF4CB7B7-C272-4036-B1AB-0FEB17487E06}"
EndProject
Global
	GlobalSection(SolutionConfigurationPlatforms) = preSolution
		Debug|Any CPU = Debug|Any CPU
		Release|Any CPU = Release|Any CPU
	EndGlobalSection
	GlobalSection(ProjectConfigurationPlatforms) = postSolution
		{7604A9F0-F4CD-436B-9E2E-2E605D513D78}.Debug|Any CPU.ActiveCfg = Debug|Any CPU
		{7604A9F0-F4CD-436B-9E2E-2E605D513D78}.Debug|Any CPU.Build.0 = Debug|Any CPU
		{7604A9F0-F4CD-436B-9E2E-2E605D513D78}.Release|Any CPU.ActiveCfg = Release|Any CPU
		{7604A9F0-F4CD-436B-9E2E-2E605D513D78}.Release|Any CPU.Build.0 = Release|Any CPU
		{DF4CB7B7-C272-4036-B1AB-0FEB17487E06}.Debug|Any CPU.ActiveCfg = Debug|Any CPU
		{DF4CB7B7-C272-4036-B1AB-0FEB17487E06}.Debug|Any CPU.Build.0 = Debug|Any CPU
		{DF4CB7B7-C272-4036-B1AB-0FEB17487E06}.Release|Any CPU.ActiveCfg = Release|Any CPU
		{DF4CB7B7-C272-4036-B1AB-0FEB17487E06}.Release|Any CPU.Build.0 = Release|Any CPU
	EndGlobalSection
	GlobalSection(SolutionProperties) = preSolution
		HideSolutionNode = FALSE
	EndGlobalSection
	GlobalSection(ExtensibilityGlobals) = postSolution
		SolutionGuid = {A2CCF03A-2F79-4729-9E1E-3DA50A5F41C9}
	EndGlobalSection
EndGlobal
